
Microsoft Visual Studio Solution File, Format Version 12.00
# Visual Studio Version 17
VisualStudioVersion = 17.2.32616.157
MinimumVisualStudioVersion = 10.0.40219.1
Project("{FAE04EC0-301F-11D3-BF4B-00C04F79EFBC}") = "ContactsManager", "ContactsManager\ContactsManager.csproj", "{A5D668A4-22D8-44E8-85EF-BE415FFCB9F2}"
EndProject
Global
	GlobalSection(SolutionConfigurationPlatforms) = preSolution
		Debug|Any CPU = Debug|Any CPU
		Release|Any CPU = Release|Any CPU
	EndGlobalSection
	GlobalSection(ProjectConfigurationPlatforms) = postSolution
		{A5D668A4-22D8-44E8-85EF-BE415FFCB9F2}.Debug|Any CPU.ActiveCfg = Debug|Any CPU
		{A5D668A4-22D8-44E8-85EF-BE415FFCB9F2}.Debug|Any CPU.Build.0 = Debug|Any CPU
		{A5D668A4-22D8-44E8-85EF-BE415FFCB9F2}.Release|Any CPU.ActiveCfg = Release|Any CPU
		{A5D668A4-22D8-44E8-85EF-BE415FFCB9F2}.Release|Any CPU.Build.0 = Release|Any CPU
	EndGlobalSection
	GlobalSection(SolutionProperties) = preSolution
		HideSolutionNode = FALSE
	EndGlobalSection
	GlobalSection(ExtensibilityGlobals) = postSolution
		SolutionGuid = {CCACC5E4-B57D-4C50-9CE8-7CAC3A97C557}
	EndGlobalSection
EndGlobal
